
Microsoft Visual Studio Solution File, Format Version 11.00
# Visual Studio 2010
Project("{8BC9CEB8-8B4A-11D0-8D11-00A0C91BC942}") = "lab3", "lab3\lab3.vcxproj", "{111AF77A-A68B-4F7E-85B1-B164A9DC0DC1}"
EndProject
Global
	GlobalSection(SolutionConfigurationPlatforms) = preSolution
		Debug|Win32 = Debug|Win32
		Release|Win32 = Release|Win32
	EndGlobalSection
	GlobalSection(ProjectConfigurationPlatforms) = postSolution
		{111AF77A-A68B-4F7E-85B1-B164A9DC0DC1}.Debug|Win32.ActiveCfg = Debug|Win32
		{111AF77A-A68B-4F7E-85B1-B164A9DC0DC1}.Debug|Win32.Build.0 = Debug|Win32
		{111AF77A-A68B-4F7E-85B1-B164A9DC0DC1}.Release|Win32.ActiveCfg = Release|Win32
		{111AF77A-A68B-4F7E-85B1-B164A9DC0DC1}.Release|Win32.Build.0 = Release|Win32
	EndGlobalSection
	GlobalSection(SolutionProperties) = preSolution
		HideSolutionNode = FALSE
	EndGlobalSection
EndGlobal
